
Microsoft Visual Studio Solution File, Format Version 12.00
# Visual Studio 15
VisualStudioVersion = 15.0.28010.2016
MinimumVisualStudioVersion = 10.0.40219.1
Project("{9A19103F-16F7-4668-BE54-9A1E7A4F7556}") = "CodeAFriend.DataModel", "src\shared\CodeAFriend.DataModel\CodeAFriend.DataModel.csproj", "{213A9386-662F-4E44-A668-814E3DBDAE3D}"
EndProject
Project("{9A19103F-16F7-4668-BE54-9A1E7A4F7556}") = "CodeAFriend.ApiService", "src\apps\CodeAFriend.ApiService\CodeAFriend.ApiService.csproj", "{66D06DB6-0BBA-4085-A2F2-7AE81FFA6D8F}"
EndProject
Project("{9A19103F-16F7-4668-BE54-9A1E7A4F7556}") = "CodeAFriend.Python2", "src\shared\CodeAFriend.Python2\CodeAFriend.Python2.csproj", "{B075269B-7BCF-405F-A4F8-0D302884D7F6}"
EndProject
Project("{9A19103F-16F7-4668-BE54-9A1E7A4F7556}") = "CodeAFriend.Python2.UnitTests", "test\unit\CodeAFriend.Python2.UnitTests\CodeAFriend.Python2.UnitTests.csproj", "{C3EC7412-3A11-42CA-867E-9D0314BB468B}"
EndProject
Project("{2150E333-8FDC-42A3-9474-1A3956D46DE8}") = "tests", "tests", "{64032CAA-C91F-48C6-ABEC-5ABE0EBEF1A1}"
EndProject
Project("{2150E333-8FDC-42A3-9474-1A3956D46DE8}") = "shared", "shared", "{8AFD81F7-0648-48F7-BE55-D24919619FC5}"
EndProject
Project("{2150E333-8FDC-42A3-9474-1A3956D46DE8}") = "apps", "apps", "{F73E25A1-4568-4783-A922-715FA3469160}"
EndProject
Project("{9A19103F-16F7-4668-BE54-9A1E7A4F7556}") = "CodeAFriend.Python3.UnitTests", "test\unit\CodeAFriend.Python3.UnitTests\CodeAFriend.Python3.UnitTests.csproj", "{F26BD55B-37A4-41BC-BF88-9E3FAAFEAF7B}"
EndProject
Project("{9A19103F-16F7-4668-BE54-9A1E7A4F7556}") = "CodeAFriend.Python3", "src\shared\CodeAFriend.Python3\CodeAFriend.Python3.csproj", "{98D4B598-CA53-4927-BA8A-54234A510373}"
EndProject
Global
	GlobalSection(SolutionConfigurationPlatforms) = preSolution
		Debug|Any CPU = Debug|Any CPU
		Release|Any CPU = Release|Any CPU
	EndGlobalSection
	GlobalSection(ProjectConfigurationPlatforms) = postSolution
		{213A9386-662F-4E44-A668-814E3DBDAE3D}.Debug|Any CPU.ActiveCfg = Debug|Any CPU
		{213A9386-662F-4E44-A668-814E3DBDAE3D}.Debug|Any CPU.Build.0 = Debug|Any CPU
		{213A9386-662F-4E44-A668-814E3DBDAE3D}.Release|Any CPU.ActiveCfg = Release|Any CPU
		{213A9386-662F-4E44-A668-814E3DBDAE3D}.Release|Any CPU.Build.0 = Release|Any CPU
		{66D06DB6-0BBA-4085-A2F2-7AE81FFA6D8F}.Debug|Any CPU.ActiveCfg = Debug|Any CPU
		{66D06DB6-0BBA-4085-A2F2-7AE81FFA6D8F}.Debug|Any CPU.Build.0 = Debug|Any CPU
		{66D06DB6-0BBA-4085-A2F2-7AE81FFA6D8F}.Release|Any CPU.ActiveCfg = Release|Any CPU
		{66D06DB6-0BBA-4085-A2F2-7AE81FFA6D8F}.Release|Any CPU.Build.0 = Release|Any CPU
		{B075269B-7BCF-405F-A4F8-0D302884D7F6}.Debug|Any CPU.ActiveCfg = Debug|Any CPU
		{B075269B-7BCF-405F-A4F8-0D302884D7F6}.Debug|Any CPU.Build.0 = Debug|Any CPU
		{B075269B-7BCF-405F-A4F8-0D302884D7F6}.Release|Any CPU.ActiveCfg = Release|Any CPU
		{B075269B-7BCF-405F-A4F8-0D302884D7F6}.Release|Any CPU.Build.0 = Release|Any CPU
		{C3EC7412-3A11-42CA-867E-9D0314BB468B}.Debug|Any CPU.ActiveCfg = Debug|Any CPU
		{C3EC7412-3A11-42CA-867E-9D0314BB468B}.Debug|Any CPU.Build.0 = Debug|Any CPU
		{C3EC7412-3A11-42CA-867E-9D0314BB468B}.Release|Any CPU.ActiveCfg = Release|Any CPU
		{C3EC7412-3A11-42CA-867E-9D0314BB468B}.Release|Any CPU.Build.0 = Release|Any CPU
		{F26BD55B-37A4-41BC-BF88-9E3FAAFEAF7B}.Debug|Any CPU.ActiveCfg = Debug|Any CPU
		{F26BD55B-37A4-41BC-BF88-9E3FAAFEAF7B}.Debug|Any CPU.Build.0 = Debug|Any CPU
		{F26BD55B-37A4-41BC-BF88-9E3FAAFEAF7B}.Release|Any CPU.ActiveCfg = Release|Any CPU
		{F26BD55B-37A4-41BC-BF88-9E3FAAFEAF7B}.Release|Any CPU.Build.0 = Release|Any CPU
		{98D4B598-CA53-4927-BA8A-54234A510373}.Debug|Any CPU.ActiveCfg = Debug|Any CPU
		{98D4B598-CA53-4927-BA8A-54234A510373}.Debug|Any CPU.Build.0 = Debug|Any CPU
		{98D4B598-CA53-4927-BA8A-54234A510373}.Release|Any CPU.ActiveCfg = Release|Any CPU
		{98D4B598-CA53-4927-BA8A-54234A510373}.Release|Any CPU.Build.0 = Release|Any CPU
	EndGlobalSection
	GlobalSection(SolutionProperties) = preSolution
		HideSolutionNode = FALSE
	EndGlobalSection
	GlobalSection(NestedProjects) = preSolution
		{213A9386-662F-4E44-A668-814E3DBDAE3D} = {8AFD81F7-0648-48F7-BE55-D24919619FC5}
		{66D06DB6-0BBA-4085-A2F2-7AE81FFA6D8F} = {F73E25A1-4568-4783-A922-715FA3469160}
		{B075269B-7BCF-405F-A4F8-0D302884D7F6} = {8AFD81F7-0648-48F7-BE55-D24919619FC5}
		{C3EC7412-3A11-42CA-867E-9D0314BB468B} = {64032CAA-C91F-48C6-ABEC-5ABE0EBEF1A1}
		{F26BD55B-37A4-41BC-BF88-9E3FAAFEAF7B} = {64032CAA-C91F-48C6-ABEC-5ABE0EBEF1A1}
		{98D4B598-CA53-4927-BA8A-54234A510373} = {8AFD81F7-0648-48F7-BE55-D24919619FC5}
	EndGlobalSection
	GlobalSection(ExtensibilityGlobals) = postSolution
		SolutionGuid = {7CB7CB96-02F4-4860-A99C-3F96D6F985DA}
	EndGlobalSection
EndGlobal
